
Microsoft Visual Studio Solution File, Format Version 12.00
# Visual Studio Version 17
VisualStudioVersion = 17.9.34723.18
MinimumVisualStudioVersion = 10.0.40219.1
Project("{FAE04EC0-301F-11D3-BF4B-00C04F79EFBC}") = "Ejercicio4_TP3", "Ejercicio4_TP3.csproj", "{16AB5ADF-5835-42A0-977E-2D464C8216AF}"
EndProject
Global
	GlobalSection(SolutionConfigurationPlatforms) = preSolution
		Debug|Any CPU = Debug|Any CPU
		Release|Any CPU = Release|Any CPU
	EndGlobalSection
	GlobalSection(ProjectConfigurationPlatforms) = postSolution
		{16AB5ADF-5835-42A0-977E-2D464C8216AF}.Debug|Any CPU.ActiveCfg = Debug|Any CPU
		{16AB5ADF-5835-42A0-977E-2D464C8216AF}.Debug|Any CPU.Build.0 = Debug|Any CPU
		{16AB5ADF-5835-42A0-977E-2D464C8216AF}.Release|Any CPU.ActiveCfg = Release|Any CPU
		{16AB5ADF-5835-42A0-977E-2D464C8216AF}.Release|Any CPU.Build.0 = Release|Any CPU
	EndGlobalSection
	GlobalSection(SolutionProperties) = preSolution
		HideSolutionNode = FALSE
	EndGlobalSection
	GlobalSection(ExtensibilityGlobals) = postSolution
		SolutionGuid = {2C5E578F-48C5-4138-876F-4ADE7C657B08}
	EndGlobalSection
EndGlobal
