
Microsoft Visual Studio Solution File, Format Version 12.00
# Visual Studio Version 17
VisualStudioVersion = 17.9.34723.18
MinimumVisualStudioVersion = 10.0.40219.1
Project("{FAE04EC0-301F-11D3-BF4B-00C04F79EFBC}") = "Ejercicio3_TP3", "Ejercicio3_TP3.csproj", "{04616CC8-9219-470E-903A-86F66EA895C8}"
EndProject
Global
	GlobalSection(SolutionConfigurationPlatforms) = preSolution
		Debug|Any CPU = Debug|Any CPU
		Release|Any CPU = Release|Any CPU
	EndGlobalSection
	GlobalSection(ProjectConfigurationPlatforms) = postSolution
		{04616CC8-9219-470E-903A-86F66EA895C8}.Debug|Any CPU.ActiveCfg = Debug|Any CPU
		{04616CC8-9219-470E-903A-86F66EA895C8}.Debug|Any CPU.Build.0 = Debug|Any CPU
		{04616CC8-9219-470E-903A-86F66EA895C8}.Release|Any CPU.ActiveCfg = Release|Any CPU
		{04616CC8-9219-470E-903A-86F66EA895C8}.Release|Any CPU.Build.0 = Release|Any CPU
	EndGlobalSection
	GlobalSection(SolutionProperties) = preSolution
		HideSolutionNode = FALSE
	EndGlobalSection
	GlobalSection(ExtensibilityGlobals) = postSolution
		SolutionGuid = {0C774F6F-340B-4BCE-9104-E46D9E61196C}
	EndGlobalSection
EndGlobal
